
Microsoft Visual Studio Solution File, Format Version 12.00
# Visual Studio 2013
VisualStudioVersion = 12.0.31101.0
MinimumVisualStudioVersion = 10.0.40219.1
Project("{FAE04EC0-301F-11D3-BF4B-00C04F79EFBC}") = "UnitTestPasswordCheker", "UnitTestProject1\UnitTestPasswordCheker.csproj", "{FCC5CF01-82C6-4B63-85E6-BA56F457F377}"
EndProject
Project("{FAE04EC0-301F-11D3-BF4B-00C04F79EFBC}") = "MockConsole", "MockConsole\MockConsole.csproj", "{62E6CA7B-368F-471E-836C-2F6EE4326D63}"
EndProject
Global
	GlobalSection(SolutionConfigurationPlatforms) = preSolution
		Debug|Any CPU = Debug|Any CPU
		Release|Any CPU = Release|Any CPU
	EndGlobalSection
	GlobalSection(ProjectConfigurationPlatforms) = postSolution
		{FCC5CF01-82C6-4B63-85E6-BA56F457F377}.Debug|Any CPU.ActiveCfg = Debug|Any CPU
		{FCC5CF01-82C6-4B63-85E6-BA56F457F377}.Debug|Any CPU.Build.0 = Debug|Any CPU
		{FCC5CF01-82C6-4B63-85E6-BA56F457F377}.Release|Any CPU.ActiveCfg = Release|Any CPU
		{FCC5CF01-82C6-4B63-85E6-BA56F457F377}.Release|Any CPU.Build.0 = Release|Any CPU
		{62E6CA7B-368F-471E-836C-2F6EE4326D63}.Debug|Any CPU.ActiveCfg = Debug|Any CPU
		{62E6CA7B-368F-471E-836C-2F6EE4326D63}.Debug|Any CPU.Build.0 = Debug|Any CPU
		{62E6CA7B-368F-471E-836C-2F6EE4326D63}.Release|Any CPU.ActiveCfg = Release|Any CPU
		{62E6CA7B-368F-471E-836C-2F6EE4326D63}.Release|Any CPU.Build.0 = Release|Any CPU
	EndGlobalSection
	GlobalSection(SolutionProperties) = preSolution
		HideSolutionNode = FALSE
	EndGlobalSection
EndGlobal
